
Microsoft Visual Studio Solution File, Format Version 11.00
# Visual Studio 2010
Project("{FAE04EC0-301F-11D3-BF4B-00C04F79EFBC}") = "Unity.Timeline", "Unity.Timeline.csproj", "{b9650e92-2d8d-ee45-6ad0-405559d66c8f}"
EndProject
Project("{FAE04EC0-301F-11D3-BF4B-00C04F79EFBC}") = "Unity.RenderPipelines.GPUDriven.Runtime", "Unity.RenderPipelines.GPUDriven.Runtime.csproj", "{c247e7fb-bdb3-89dc-2510-a9b88d580a4c}"
EndProject
Project("{FAE04EC0-301F-11D3-BF4B-00C04F79EFBC}") = "Unity.2D.Aseprite.Editor", "Unity.2D.Aseprite.Editor.csproj", "{80274f20-6dd6-6bed-7434-15efe2d6e777}"
EndProject
Project("{FAE04EC0-301F-11D3-BF4B-00C04F79EFBC}") = "Unity.ShaderGraph.Editor", "Unity.ShaderGraph.Editor.csproj", "{a3f17a15-3cf3-fef2-4e97-9c535e1e33c1}"
EndProject
Project("{FAE04EC0-301F-11D3-BF4B-00C04F79EFBC}") = "Unity.PlasticSCM.Editor", "Unity.PlasticSCM.Editor.csproj", "{fe716e06-b142-35aa-cb90-04175bd20048}"
EndProject
Project("{FAE04EC0-301F-11D3-BF4B-00C04F79EFBC}") = "Unity.RenderPipelines.Core.Runtime", "Unity.RenderPipelines.Core.Runtime.csproj", "{1a4e3391-557d-005c-a15b-8cc2e1a4cd6e}"
EndProject
Project("{FAE04EC0-301F-11D3-BF4B-00C04F79EFBC}") = "Unity.Mathematics", "Unity.Mathematics.csproj", "{0753a44e-e167-e188-c65e-303473ff3356}"
EndProject
Project("{FAE04EC0-301F-11D3-BF4B-00C04F79EFBC}") = "Unity.Timeline.Editor", "Unity.Timeline.Editor.csproj", "{1c3c9715-35bb-7d3a-aa1e-9f1075e641ce}"
EndProject
Project("{FAE04EC0-301F-11D3-BF4B-00C04F79EFBC}") = "Unity.Multiplayer.Center.Editor", "Unity.Multiplayer.Center.Editor.csproj", "{76cc678d-bbc1-39a4-8281-a1a247c48c10}"
EndProject
Project("{FAE04EC0-301F-11D3-BF4B-00C04F79EFBC}") = "Unity.RenderPipelines.Core.Editor", "Unity.RenderPipelines.Core.Editor.csproj", "{c08394bc-d2db-b90c-4cb6-a54bf15a623b}"
EndProject
Project("{FAE04EC0-301F-11D3-BF4B-00C04F79EFBC}") = "Unity.Collections", "Unity.Collections.csproj", "{3f11e3b1-ed63-3419-1868-bbaeb0f6fa68}"
EndProject
Project("{FAE04EC0-301F-11D3-BF4B-00C04F79EFBC}") = "UnityEngine.UI", "UnityEngine.UI.csproj", "{4213e798-f245-f577-c3b3-eec279ceb365}"
EndProject
Project("{FAE04EC0-301F-11D3-BF4B-00C04F79EFBC}") = "Unity.2D.IK.Runtime", "Unity.2D.IK.Runtime.csproj", "{7f1ac6dc-ad4b-9552-7004-6f2aa7b32230}"
EndProject
Project("{FAE04EC0-301F-11D3-BF4B-00C04F79EFBC}") = "Unity.RenderPipelines.Universal.2D.Runtime", "Unity.RenderPipelines.Universal.2D.Runtime.csproj", "{3ee0766d-b882-59ae-0341-2f292bed2298}"
EndProject
Project("{FAE04EC0-301F-11D3-BF4B-00C04F79EFBC}") = "Unity.2D.Psdimporter.Editor", "Unity.2D.Psdimporter.Editor.csproj", "{20c05be2-0f05-669f-dec5-a43872da9461}"
EndProject
Project("{FAE04EC0-301F-11D3-BF4B-00C04F79EFBC}") = "Unity.VisualScripting.Core.Editor", "Unity.VisualScripting.Core.Editor.csproj", "{5aa1acfc-20ef-0026-a07f-1edb60720d66}"
EndProject
Project("{FAE04EC0-301F-11D3-BF4B-00C04F79EFBC}") = "Unity.RenderPipelines.Universal.Editor", "Unity.RenderPipelines.Universal.Editor.csproj", "{ac2e18e8-514b-4bbf-9db6-28ee4dbff7b2}"
EndProject
Project("{FAE04EC0-301F-11D3-BF4B-00C04F79EFBC}") = "Unity.PerformanceTesting.Editor", "Unity.PerformanceTesting.Editor.csproj", "{a45f18fb-482e-bc1b-ee8c-68867307e03e}"
EndProject
Project("{FAE04EC0-301F-11D3-BF4B-00C04F79EFBC}") = "UnityEngine.TestRunner", "UnityEngine.TestRunner.csproj", "{d00887af-7d28-55a9-c30d-d700da09598e}"
EndProject
Project("{FAE04EC0-301F-11D3-BF4B-00C04F79EFBC}") = "Unity.2D.Tilemap.Editor", "Unity.2D.Tilemap.Editor.csproj", "{535c5468-9a7e-2a42-3caa-6ed3cba44cc4}"
EndProject
Project("{FAE04EC0-301F-11D3-BF4B-00C04F79EFBC}") = "Unity.Burst", "Unity.Burst.csproj", "{de1147a5-ed03-60b0-8658-605f29d2c78d}"
EndProject
Project("{FAE04EC0-301F-11D3-BF4B-00C04F79EFBC}") = "Unity.VisualScripting.Flow.Editor", "Unity.VisualScripting.Flow.Editor.csproj", "{cb7bda2a-6b0e-ddc8-fec6-59c6b1e093b5}"
EndProject
Project("{FAE04EC0-301F-11D3-BF4B-00C04F79EFBC}") = "Unity.2D.SpriteShape.Editor", "Unity.2D.SpriteShape.Editor.csproj", "{d6a18f83-3e36-6925-1ab8-365d9ce67e0b}"
EndProject
Project("{FAE04EC0-301F-11D3-BF4B-00C04F79EFBC}") = "Unity.VisualStudio.Editor", "Unity.VisualStudio.Editor.csproj", "{b7d7f0a7-9582-f2df-06cf-dcf8af88396a}"
EndProject
Project("{FAE04EC0-301F-11D3-BF4B-00C04F79EFBC}") = "Unity.InputSystem", "Unity.InputSystem.csproj", "{1f3904e8-018a-8e08-ce9c-0a3601aaea6d}"
EndProject
Project("{FAE04EC0-301F-11D3-BF4B-00C04F79EFBC}") = "PPv2URPConverters", "PPv2URPConverters.csproj", "{62dbc379-3e9d-86d5-b50b-03de781d9049}"
EndProject
Project("{FAE04EC0-301F-11D3-BF4B-00C04F79EFBC}") = "Unity.2D.Animation.Editor", "Unity.2D.Animation.Editor.csproj", "{c4eaa2f3-f047-e3fb-9c37-a1135ccf95fa}"
EndProject
Project("{FAE04EC0-301F-11D3-BF4B-00C04F79EFBC}") = "Unity.Searcher.Editor", "Unity.Searcher.Editor.csproj", "{6ae95505-f769-635d-3695-67e3671fa7c9}"
EndProject
Project("{FAE04EC0-301F-11D3-BF4B-00C04F79EFBC}") = "Unity.2D.SpriteShape.Runtime", "Unity.2D.SpriteShape.Runtime.csproj", "{f8d99da0-67dc-6c6b-7ac1-1cc603700d39}"
EndProject
Project("{FAE04EC0-301F-11D3-BF4B-00C04F79EFBC}") = "UnityEditor.TestRunner", "UnityEditor.TestRunner.csproj", "{a49ff1bf-5e91-49ae-be73-88f096326f03}"
EndProject
Project("{FAE04EC0-301F-11D3-BF4B-00C04F79EFBC}") = "Unity.VisualScripting.Core", "Unity.VisualScripting.Core.csproj", "{6d606620-9995-3e47-89be-c61791d23626}"
EndProject
Project("{FAE04EC0-301F-11D3-BF4B-00C04F79EFBC}") = "Unity.RenderPipelines.Universal.Runtime", "Unity.RenderPipelines.Universal.Runtime.csproj", "{e5ebb9ab-c266-4711-905c-cded59298aa4}"
EndProject
Project("{FAE04EC0-301F-11D3-BF4B-00C04F79EFBC}") = "Unity.VisualScripting.State.Editor", "Unity.VisualScripting.State.Editor.csproj", "{b43716a4-f99f-f8e8-6a48-3a9e1ee2b851}"
EndProject
Project("{FAE04EC0-301F-11D3-BF4B-00C04F79EFBC}") = "Unity.Burst.CodeGen", "Unity.Burst.CodeGen.csproj", "{8d671cfa-b229-fd9d-d028-89be19520c95}"
EndProject
Project("{FAE04EC0-301F-11D3-BF4B-00C04F79EFBC}") = "Unity.VisualScripting.Flow", "Unity.VisualScripting.Flow.csproj", "{4de7e039-2cfa-44f9-4da6-e1aecd7b14dc}"
EndProject
Project("{FAE04EC0-301F-11D3-BF4B-00C04F79EFBC}") = "Unity.PerformanceTesting", "Unity.PerformanceTesting.csproj", "{1ec360bd-1c95-f31e-c491-1aa1d1432f70}"
EndProject
Project("{FAE04EC0-301F-11D3-BF4B-00C04F79EFBC}") = "Unity.2D.Tilemap.Extras.Editor", "Unity.2D.Tilemap.Extras.Editor.csproj", "{8985b04a-245c-c59e-59e7-4af9e25aba8f}"
EndProject
Project("{FAE04EC0-301F-11D3-BF4B-00C04F79EFBC}") = "Unity.TextMeshPro", "Unity.TextMeshPro.csproj", "{ebdad661-441b-1f4e-868e-16b50e322d23}"
EndProject
Project("{FAE04EC0-301F-11D3-BF4B-00C04F79EFBC}") = "Unity.TextMeshPro.Editor", "Unity.TextMeshPro.Editor.csproj", "{3db89b2b-dfed-2fa9-65fa-e50ecd027c5a}"
EndProject
Project("{FAE04EC0-301F-11D3-BF4B-00C04F79EFBC}") = "Unity.Rendering.LightTransport.Runtime", "Unity.Rendering.LightTransport.Runtime.csproj", "{5cdbd158-a7d7-17ba-5d88-11aa89bd4ffd}"
EndProject
Project("{FAE04EC0-301F-11D3-BF4B-00C04F79EFBC}") = "PsdPlugin", "PsdPlugin.csproj", "{c73a0d61-0216-3bb7-3b1b-ad43cc864008}"
EndProject
Project("{FAE04EC0-301F-11D3-BF4B-00C04F79EFBC}") = "Unity.2D.IK.Editor", "Unity.2D.IK.Editor.csproj", "{345c3278-70bf-179c-4c0c-e0a5ed34c56d}"
EndProject
Project("{FAE04EC0-301F-11D3-BF4B-00C04F79EFBC}") = "Unity.InternalAPIEngineBridge.001", "Unity.InternalAPIEngineBridge.001.csproj", "{e5498bb1-f096-c209-7375-ca0da2417278}"
EndProject
Project("{FAE04EC0-301F-11D3-BF4B-00C04F79EFBC}") = "Unity.2D.Aseprite.Common", "Unity.2D.Aseprite.Common.csproj", "{c14d4e13-4211-45a3-eaa1-27558cf6274b}"
EndProject
Project("{FAE04EC0-301F-11D3-BF4B-00C04F79EFBC}") = "Unity.Burst.Editor", "Unity.Burst.Editor.csproj", "{48469132-bf6b-2914-fc32-7bde043d9270}"
EndProject
Project("{FAE04EC0-301F-11D3-BF4B-00C04F79EFBC}") = "Unity.2D.Common.Path.Editor", "Unity.2D.Common.Path.Editor.csproj", "{4d666f79-294b-e506-0fc0-912452f38a04}"
EndProject
Project("{FAE04EC0-301F-11D3-BF4B-00C04F79EFBC}") = "Unity.2D.Common.Editor", "Unity.2D.Common.Editor.csproj", "{f473bb84-5cab-8776-a1c5-ed50ce8e0421}"
EndProject
Project("{FAE04EC0-301F-11D3-BF4B-00C04F79EFBC}") = "Unity.Rider.Editor", "Unity.Rider.Editor.csproj", "{4ab6e43f-772c-497e-26e5-b651f9b3d595}"
EndProject
Project("{FAE04EC0-301F-11D3-BF4B-00C04F79EFBC}") = "Unity.VisualScripting.State", "Unity.VisualScripting.State.csproj", "{5ade14a8-0a76-0f0b-1392-37d050db53ee}"
EndProject
Project("{FAE04EC0-301F-11D3-BF4B-00C04F79EFBC}") = "Unity.InternalAPIEditorBridge.001", "Unity.InternalAPIEditorBridge.001.csproj", "{373aa069-d10f-df44-ada0-ca50963bb31c}"
EndProject
Project("{FAE04EC0-301F-11D3-BF4B-00C04F79EFBC}") = "UnityEditor.UI", "UnityEditor.UI.csproj", "{cfdc26ee-75f2-396a-fc92-61e1ca23a041}"
EndProject
Project("{FAE04EC0-301F-11D3-BF4B-00C04F79EFBC}") = "Unity.2D.PixelPerfect.Editor", "Unity.2D.PixelPerfect.Editor.csproj", "{7164f9aa-bb4c-be54-8a92-03e9204f2b0b}"
EndProject
Project("{FAE04EC0-301F-11D3-BF4B-00C04F79EFBC}") = "Unity.2D.Sprite.Editor", "Unity.2D.Sprite.Editor.csproj", "{74535bc2-3454-24ac-454a-8b5305602040}"
EndProject
Project("{FAE04EC0-301F-11D3-BF4B-00C04F79EFBC}") = "Unity.Multiplayer.Center.Common", "Unity.Multiplayer.Center.Common.csproj", "{73cbe62c-fa74-c84c-4f2c-bbd6722b222e}"
EndProject
Project("{FAE04EC0-301F-11D3-BF4B-00C04F79EFBC}") = "Unity.InputSystem.ForUI", "Unity.InputSystem.ForUI.csproj", "{89a72c06-fb14-40c0-07bc-2669091ae772}"
EndProject
Project("{FAE04EC0-301F-11D3-BF4B-00C04F79EFBC}") = "Unity.Collections.CodeGen", "Unity.Collections.CodeGen.csproj", "{f1a0fbee-c10a-903d-1035-1c008000d175}"
EndProject
Project("{FAE04EC0-301F-11D3-BF4B-00C04F79EFBC}") = "Unity.2D.Tilemap.Extras", "Unity.2D.Tilemap.Extras.csproj", "{3a0146d5-923c-184f-83f0-7b5a51a60c98}"
EndProject
Project("{FAE04EC0-301F-11D3-BF4B-00C04F79EFBC}") = "Unity.2D.Animation.Runtime", "Unity.2D.Animation.Runtime.csproj", "{ad610d4e-5864-baac-c326-ad36746c06a4}"
EndProject
Project("{FAE04EC0-301F-11D3-BF4B-00C04F79EFBC}") = "Unity.Mathematics.Editor", "Unity.Mathematics.Editor.csproj", "{b2282832-e1e7-1ab9-aa20-2f80ab2bc1d6}"
EndProject
Project("{FAE04EC0-301F-11D3-BF4B-00C04F79EFBC}") = "Unity.VisualScripting.SettingsProvider.Editor", "Unity.VisualScripting.SettingsProvider.Editor.csproj", "{7b1ec1d2-ba97-6637-a74d-8355ac656678}"
EndProject
Project("{FAE04EC0-301F-11D3-BF4B-00C04F79EFBC}") = "Unity.InputSystem.TestFramework", "Unity.InputSystem.TestFramework.csproj", "{0392017e-0385-bce4-19df-bf0329876582}"
EndProject
Project("{FAE04EC0-301F-11D3-BF4B-00C04F79EFBC}") = "Unity.ShaderGraph.Utilities", "Unity.ShaderGraph.Utilities.csproj", "{35599b2f-ad7a-80b1-b246-35f0f4d2a75a}"
EndProject
Project("{FAE04EC0-301F-11D3-BF4B-00C04F79EFBC}") = "Unity.VisualScripting.Shared.Editor", "Unity.VisualScripting.Shared.Editor.csproj", "{17a101be-6d94-5731-0cd8-d8dbd7213cb4}"
EndProject
Project("{FAE04EC0-301F-11D3-BF4B-00C04F79EFBC}") = "Assembly-CSharp", "Assembly-CSharp.csproj", "{a29b4d63-18ff-e237-654a-7114df51e7a9}"
EndProject
Project("{FAE04EC0-301F-11D3-BF4B-00C04F79EFBC}") = "Unity.RenderPipeline.Universal.ShaderLibrary", "Unity.RenderPipeline.Universal.ShaderLibrary.csproj", "{044d2d0d-b658-a054-203b-714bf51f111b}"
EndProject
Project("{FAE04EC0-301F-11D3-BF4B-00C04F79EFBC}") = "Unity.2D.Common.Runtime", "Unity.2D.Common.Runtime.csproj", "{f5e6f1ae-cf54-ea59-ffdd-66d960d3e0b8}"
EndProject
Project("{FAE04EC0-301F-11D3-BF4B-00C04F79EFBC}") = "Unity.2D.PixelPerfect", "Unity.2D.PixelPerfect.csproj", "{e2a35f64-08cc-a7c5-5e44-88b3cb8bb6f8}"
EndProject
Project("{FAE04EC0-301F-11D3-BF4B-00C04F79EFBC}") = "Unity.CollabProxy.Editor", "Unity.CollabProxy.Editor.csproj", "{bf2ad075-fac3-1c88-d9b7-3d2d8dc9a62d}"
EndProject
Project("{FAE04EC0-301F-11D3-BF4B-00C04F79EFBC}") = "Unity.Rendering.LightTransport.Editor", "Unity.Rendering.LightTransport.Editor.csproj", "{1cf766e9-b0a8-bcc9-4e78-a1c4af76a001}"
EndProject
Project("{FAE04EC0-301F-11D3-BF4B-00C04F79EFBC}") = "Sirenix.OdinInspector.Modules.UnityMathematics", "Sirenix.OdinInspector.Modules.UnityMathematics.csproj", "{08c271b7-f755-cf0e-5142-a202628cc278}"
EndProject
Project("{FAE04EC0-301F-11D3-BF4B-00C04F79EFBC}") = "Unity.RenderPipelines.Universal.Shaders", "Unity.RenderPipelines.Universal.Shaders.csproj", "{5392374a-26cd-2aef-d6bd-5ceebaa23049}"
EndProject
Project("{FAE04EC0-301F-11D3-BF4B-00C04F79EFBC}") = "Unity.RenderPipelines.Core.Runtime.Shared", "Unity.RenderPipelines.Core.Runtime.Shared.csproj", "{45f0dbeb-e713-aef6-5042-963b7730e8e2}"
EndProject
Project("{FAE04EC0-301F-11D3-BF4B-00C04F79EFBC}") = "ScriptablePacker", "ScriptablePacker.csproj", "{09e91907-b795-63f0-9454-1470018e835b}"
EndProject
Project("{FAE04EC0-301F-11D3-BF4B-00C04F79EFBC}") = "Unity.Collections.Editor", "Unity.Collections.Editor.csproj", "{7b280a01-1bc6-6298-ea22-0e5acb757856}"
EndProject
Project("{FAE04EC0-301F-11D3-BF4B-00C04F79EFBC}") = "Unity.RenderPipelines.Universal.Config.Runtime", "Unity.RenderPipelines.Universal.Config.Runtime.csproj", "{0b9a4414-f716-9b4f-d8be-060995e9c1cb}"
EndProject
Project("{FAE04EC0-301F-11D3-BF4B-00C04F79EFBC}") = "Unity.RenderPipelines.ShaderGraph.ShaderGraphLibrary", "Unity.RenderPipelines.ShaderGraph.ShaderGraphLibrary.csproj", "{24525c96-3a71-e34d-cbce-abeac3118e3b}"
EndProject
Project("{FAE04EC0-301F-11D3-BF4B-00C04F79EFBC}") = "Unity.RenderPipelines.Core.ShaderLibrary", "Unity.RenderPipelines.Core.ShaderLibrary.csproj", "{20bbe771-faec-6996-677a-618364f5348d}"
EndProject
Project("{FAE04EC0-301F-11D3-BF4B-00C04F79EFBC}") = "Unity.RenderPipelines.Core.Editor.Shared", "Unity.RenderPipelines.Core.Editor.Shared.csproj", "{d660d1a3-cfe1-5931-4f22-b1a8e49a4f87}"
EndProject
Project("{FAE04EC0-301F-11D3-BF4B-00C04F79EFBC}") = "Assembly-CSharp-Editor", "Assembly-CSharp-Editor.csproj", "{d9a0c31d-fa9c-d300-145f-5ef5c09f88da}"
EndProject
Project("{FAE04EC0-301F-11D3-BF4B-00C04F79EFBC}") = "Unity.Mathematics.Tests", "Unity.Mathematics.Tests.csproj", "{5aaa7ba4-d6b1-6e0b-2493-7bb7eb50a888}"
EndProject
Project("{FAE04EC0-301F-11D3-BF4B-00C04F79EFBC}") = "Unity.RenderPipelines.Core.Editor.Tests", "Unity.RenderPipelines.Core.Editor.Tests.csproj", "{d9d06e0b-5f81-887e-fd00-9a446d8e6fcb}"
EndProject
Project("{FAE04EC0-301F-11D3-BF4B-00C04F79EFBC}") = "Unity.2D.Aseprite.EditorTests", "Unity.2D.Aseprite.EditorTests.csproj", "{6d448326-9028-2383-820c-7506d9864d9e}"
EndProject
Project("{FAE04EC0-301F-11D3-BF4B-00C04F79EFBC}") = "Unity.RenderPipelines.Universal.Config.Editor.Tests", "Unity.RenderPipelines.Universal.Config.Editor.Tests.csproj", "{396dc867-560f-fe2a-bf43-92a04075766b}"
EndProject
Project("{FAE04EC0-301F-11D3-BF4B-00C04F79EFBC}") = "Unity.RenderPipelines.Universal.Editor.Tests", "Unity.RenderPipelines.Universal.Editor.Tests.csproj", "{c73f6bce-5e21-ccea-7d10-7de1ebe5b72d}"
EndProject
Project("{FAE04EC0-301F-11D3-BF4B-00C04F79EFBC}") = "Unity.Collections.DocCodeSamples", "Unity.Collections.DocCodeSamples.csproj", "{4ed11727-bbd7-8119-86c7-bc7e31c42eaf}"
EndProject
Project("{FAE04EC0-301F-11D3-BF4B-00C04F79EFBC}") = "Unity.2D.Sprite.Package.EditorTests", "Unity.2D.Sprite.Package.EditorTests.csproj", "{40a96636-1cd7-d4e4-a2bf-7de21bda0330}"
EndProject
Project("{FAE04EC0-301F-11D3-BF4B-00C04F79EFBC}") = "Unity.2D.PixelPerfect.EditorTests", "Unity.2D.PixelPerfect.EditorTests.csproj", "{c4424abb-44a7-afc6-3250-6e9344349d55}"
EndProject
Project("{FAE04EC0-301F-11D3-BF4B-00C04F79EFBC}") = "Unity.2D.SpriteShape.EditorTests", "Unity.2D.SpriteShape.EditorTests.csproj", "{8e3213d2-d032-f9b3-57fe-2ba6ab5ca8f0}"
EndProject
Project("{FAE04EC0-301F-11D3-BF4B-00C04F79EFBC}") = "Unity.2D.Common.EditorTests", "Unity.2D.Common.EditorTests.csproj", "{9552d3ea-3dcd-e174-2a57-1854558eea4a}"
EndProject
Project("{FAE04EC0-301F-11D3-BF4B-00C04F79EFBC}") = "Unity.Searcher.EditorTests", "Unity.Searcher.EditorTests.csproj", "{ef1616c7-7fde-e94d-57ab-6dfef783667c}"
EndProject
Project("{FAE04EC0-301F-11D3-BF4B-00C04F79EFBC}") = "Unity.Collections.PerformanceTests", "Unity.Collections.PerformanceTests.csproj", "{18313219-b1fa-c50a-d8b4-8d8c98b084c3}"
EndProject
Project("{FAE04EC0-301F-11D3-BF4B-00C04F79EFBC}") = "Assembly-CSharp-firstpass", "Assembly-CSharp-firstpass.csproj", "{38761f0f-fa36-564b-b155-1de0c448d2a5}"
EndProject
Project("{FAE04EC0-301F-11D3-BF4B-00C04F79EFBC}") = "Unity.TextMeshPro.Editor.Tests", "Unity.TextMeshPro.Editor.Tests.csproj", "{c642afdc-52b7-fa6d-7661-7403a2abba7c}"
EndProject
Project("{FAE04EC0-301F-11D3-BF4B-00C04F79EFBC}") = "DocCodeExamples", "DocCodeExamples.csproj", "{7bdc636f-052b-7644-6bf0-46eb6bac4d7f}"
EndProject
Project("{FAE04EC0-301F-11D3-BF4B-00C04F79EFBC}") = "Unity.LightTransport.Editor.Tests", "Unity.LightTransport.Editor.Tests.csproj", "{778110d7-ed7d-7b9b-6bac-03a30a28e26d}"
EndProject
Project("{FAE04EC0-301F-11D3-BF4B-00C04F79EFBC}") = "Assembly-CSharp-Editor-firstpass", "Assembly-CSharp-Editor-firstpass.csproj", "{4672e311-54a1-238a-eed8-8e00c2a37230}"
EndProject
Project("{FAE04EC0-301F-11D3-BF4B-00C04F79EFBC}") = "Unity.Multiplayer.Center.Tests", "Unity.Multiplayer.Center.Tests.csproj", "{95a79702-7d68-31c3-4ab7-73ef002f07e4}"
EndProject
Project("{FAE04EC0-301F-11D3-BF4B-00C04F79EFBC}") = "Unity.Collections.Tests", "Unity.Collections.Tests.csproj", "{7f9b2ac5-398d-2fad-f906-0c9a555bd7a7}"
EndProject
Project("{FAE04EC0-301F-11D3-BF4B-00C04F79EFBC}") = "Unity.RenderPipelines.Core.Runtime.Tests", "Unity.RenderPipelines.Core.Runtime.Tests.csproj", "{4206b5bb-c8f8-655e-51b7-a75e4425c93d}"
EndProject
Project("{FAE04EC0-301F-11D3-BF4B-00C04F79EFBC}") = "Unity.2D.Psdimporter.EditorTests", "Unity.2D.Psdimporter.EditorTests.csproj", "{f14869c3-6b55-f821-a39d-c18f79159519}"
EndProject
Project("{FAE04EC0-301F-11D3-BF4B-00C04F79EFBC}") = "Unity.Multiplayer.Center.Editor.Tests", "Unity.Multiplayer.Center.Editor.Tests.csproj", "{b36d7c88-0687-b9a8-0366-29fe8646797c}"
EndProject
Project("{FAE04EC0-301F-11D3-BF4B-00C04F79EFBC}") = "UnityEngine.UI.Tests", "UnityEngine.UI.Tests.csproj", "{23ad1140-e718-fd8d-a04f-26a65886de72}"
EndProject
Project("{FAE04EC0-301F-11D3-BF4B-00C04F79EFBC}") = "Unity.InputSystem.IntegrationTests", "Unity.InputSystem.IntegrationTests.csproj", "{305005ce-587c-e9d6-4848-15f0db1b1c16}"
EndProject
Project("{FAE04EC0-301F-11D3-BF4B-00C04F79EFBC}") = "Unity.Collections.Tests.Playmode", "Unity.Collections.Tests.Playmode.csproj", "{d608de96-9bb6-89d8-a510-ba58bf3c9267}"
EndProject
Project("{FAE04EC0-301F-11D3-BF4B-00C04F79EFBC}") = "Unity.Nuget.Mono-Cecil", "Unity.Nuget.Mono-Cecil.csproj", "{fefc2f11-2a39-6e38-c029-4c6a904bf6bd}"
EndProject
Project("{FAE04EC0-301F-11D3-BF4B-00C04F79EFBC}") = "Unity.2D.Animation.EditorTests", "Unity.2D.Animation.EditorTests.csproj", "{457beb9d-77b4-1a09-ccd8-07fc758b7ffb}"
EndProject
Project("{FAE04EC0-301F-11D3-BF4B-00C04F79EFBC}") = "Unity.TextMeshPro.Tests", "Unity.TextMeshPro.Tests.csproj", "{c3327443-017f-d570-f6b9-d8fd493f3048}"
EndProject
Project("{FAE04EC0-301F-11D3-BF4B-00C04F79EFBC}") = "UnityEditor.UI.EditorTests", "UnityEditor.UI.EditorTests.csproj", "{d7ee7674-436b-ee7c-ec7d-fb6e2b9c2dcc}"
EndProject
Project("{FAE04EC0-301F-11D3-BF4B-00C04F79EFBC}") = "Unity.2D.Tilemap.Package.EditorTests", "Unity.2D.Tilemap.Package.EditorTests.csproj", "{96961df0-7b1d-e521-062b-3d671729090d}"
EndProject
Project("{FAE04EC0-301F-11D3-BF4B-00C04F79EFBC}") = "Unity.RenderPipelines.Universal.Runtime.Tests", "Unity.RenderPipelines.Universal.Runtime.Tests.csproj", "{7086fd94-756d-0822-5dc2-7370a8bb5207}"
EndProject
Project("{FAE04EC0-301F-11D3-BF4B-00C04F79EFBC}") = "Unity.2D.Tilemap.Extras.Placeholder.EditorTests", "Unity.2D.Tilemap.Extras.Placeholder.EditorTests.csproj", "{46b9ec7e-f18a-aa25-760d-c7e8af50a14f}"
EndProject
Project("{FAE04EC0-301F-11D3-BF4B-00C04F79EFBC}") = "Unity.Collections.BurstCompatibilityGen", "Unity.Collections.BurstCompatibilityGen.csproj", "{7d11b227-7a03-add2-a8d6-8ea75d629be4}"
EndProject
Project("{FAE04EC0-301F-11D3-BF4B-00C04F79EFBC}") = "Unity.ShaderGraph.Editor.Tests", "Unity.ShaderGraph.Editor.Tests.csproj", "{d017c4f4-128e-6a18-e2c6-310203493627}"
EndProject
Global
	GlobalSection(SolutionConfigurationPlatforms) = preSolution
		Debug|Any CPU = Debug|Any CPU
	EndGlobalSection
	GlobalSection(ProjectConfigurationPlatforms) = postSolution
		{b9650e92-2d8d-ee45-6ad0-405559d66c8f}.Debug|Any CPU.ActiveCfg = Debug|Any CPU
		{b9650e92-2d8d-ee45-6ad0-405559d66c8f}.Debug|Any CPU.Build.0 = Debug|Any CPU
		{c247e7fb-bdb3-89dc-2510-a9b88d580a4c}.Debug|Any CPU.ActiveCfg = Debug|Any CPU
		{c247e7fb-bdb3-89dc-2510-a9b88d580a4c}.Debug|Any CPU.Build.0 = Debug|Any CPU
		{80274f20-6dd6-6bed-7434-15efe2d6e777}.Debug|Any CPU.ActiveCfg = Debug|Any CPU
		{80274f20-6dd6-6bed-7434-15efe2d6e777}.Debug|Any CPU.Build.0 = Debug|Any CPU
		{a3f17a15-3cf3-fef2-4e97-9c535e1e33c1}.Debug|Any CPU.ActiveCfg = Debug|Any CPU
		{a3f17a15-3cf3-fef2-4e97-9c535e1e33c1}.Debug|Any CPU.Build.0 = Debug|Any CPU
		{fe716e06-b142-35aa-cb90-04175bd20048}.Debug|Any CPU.ActiveCfg = Debug|Any CPU
		{fe716e06-b142-35aa-cb90-04175bd20048}.Debug|Any CPU.Build.0 = Debug|Any CPU
		{1a4e3391-557d-005c-a15b-8cc2e1a4cd6e}.Debug|Any CPU.ActiveCfg = Debug|Any CPU
		{1a4e3391-557d-005c-a15b-8cc2e1a4cd6e}.Debug|Any CPU.Build.0 = Debug|Any CPU
		{0753a44e-e167-e188-c65e-303473ff3356}.Debug|Any CPU.ActiveCfg = Debug|Any CPU
		{0753a44e-e167-e188-c65e-303473ff3356}.Debug|Any CPU.Build.0 = Debug|Any CPU
		{1c3c9715-35bb-7d3a-aa1e-9f1075e641ce}.Debug|Any CPU.ActiveCfg = Debug|Any CPU
		{1c3c9715-35bb-7d3a-aa1e-9f1075e641ce}.Debug|Any CPU.Build.0 = Debug|Any CPU
		{76cc678d-bbc1-39a4-8281-a1a247c48c10}.Debug|Any CPU.ActiveCfg = Debug|Any CPU
		{76cc678d-bbc1-39a4-8281-a1a247c48c10}.Debug|Any CPU.Build.0 = Debug|Any CPU
		{c08394bc-d2db-b90c-4cb6-a54bf15a623b}.Debug|Any CPU.ActiveCfg = Debug|Any CPU
		{c08394bc-d2db-b90c-4cb6-a54bf15a623b}.Debug|Any CPU.Build.0 = Debug|Any CPU
		{3f11e3b1-ed63-3419-1868-bbaeb0f6fa68}.Debug|Any CPU.ActiveCfg = Debug|Any CPU
		{3f11e3b1-ed63-3419-1868-bbaeb0f6fa68}.Debug|Any CPU.Build.0 = Debug|Any CPU
		{4213e798-f245-f577-c3b3-eec279ceb365}.Debug|Any CPU.ActiveCfg = Debug|Any CPU
		{4213e798-f245-f577-c3b3-eec279ceb365}.Debug|Any CPU.Build.0 = Debug|Any CPU
		{7f1ac6dc-ad4b-9552-7004-6f2aa7b32230}.Debug|Any CPU.ActiveCfg = Debug|Any CPU
		{7f1ac6dc-ad4b-9552-7004-6f2aa7b32230}.Debug|Any CPU.Build.0 = Debug|Any CPU
		{3ee0766d-b882-59ae-0341-2f292bed2298}.Debug|Any CPU.ActiveCfg = Debug|Any CPU
		{3ee0766d-b882-59ae-0341-2f292bed2298}.Debug|Any CPU.Build.0 = Debug|Any CPU
		{20c05be2-0f05-669f-dec5-a43872da9461}.Debug|Any CPU.ActiveCfg = Debug|Any CPU
		{20c05be2-0f05-669f-dec5-a43872da9461}.Debug|Any CPU.Build.0 = Debug|Any CPU
		{5aa1acfc-20ef-0026-a07f-1edb60720d66}.Debug|Any CPU.ActiveCfg = Debug|Any CPU
		{5aa1acfc-20ef-0026-a07f-1edb60720d66}.Debug|Any CPU.Build.0 = Debug|Any CPU
		{ac2e18e8-514b-4bbf-9db6-28ee4dbff7b2}.Debug|Any CPU.ActiveCfg = Debug|Any CPU
		{ac2e18e8-514b-4bbf-9db6-28ee4dbff7b2}.Debug|Any CPU.Build.0 = Debug|Any CPU
		{a45f18fb-482e-bc1b-ee8c-68867307e03e}.Debug|Any CPU.ActiveCfg = Debug|Any CPU
		{a45f18fb-482e-bc1b-ee8c-68867307e03e}.Debug|Any CPU.Build.0 = Debug|Any CPU
		{d00887af-7d28-55a9-c30d-d700da09598e}.Debug|Any CPU.ActiveCfg = Debug|Any CPU
		{d00887af-7d28-55a9-c30d-d700da09598e}.Debug|Any CPU.Build.0 = Debug|Any CPU
		{535c5468-9a7e-2a42-3caa-6ed3cba44cc4}.Debug|Any CPU.ActiveCfg = Debug|Any CPU
		{535c5468-9a7e-2a42-3caa-6ed3cba44cc4}.Debug|Any CPU.Build.0 = Debug|Any CPU
		{de1147a5-ed03-60b0-8658-605f29d2c78d}.Debug|Any CPU.ActiveCfg = Debug|Any CPU
		{de1147a5-ed03-60b0-8658-605f29d2c78d}.Debug|Any CPU.Build.0 = Debug|Any CPU
		{cb7bda2a-6b0e-ddc8-fec6-59c6b1e093b5}.Debug|Any CPU.ActiveCfg = Debug|Any CPU
		{cb7bda2a-6b0e-ddc8-fec6-59c6b1e093b5}.Debug|Any CPU.Build.0 = Debug|Any CPU
		{d6a18f83-3e36-6925-1ab8-365d9ce67e0b}.Debug|Any CPU.ActiveCfg = Debug|Any CPU
		{d6a18f83-3e36-6925-1ab8-365d9ce67e0b}.Debug|Any CPU.Build.0 = Debug|Any CPU
		{b7d7f0a7-9582-f2df-06cf-dcf8af88396a}.Debug|Any CPU.ActiveCfg = Debug|Any CPU
		{b7d7f0a7-9582-f2df-06cf-dcf8af88396a}.Debug|Any CPU.Build.0 = Debug|Any CPU
		{1f3904e8-018a-8e08-ce9c-0a3601aaea6d}.Debug|Any CPU.ActiveCfg = Debug|Any CPU
		{1f3904e8-018a-8e08-ce9c-0a3601aaea6d}.Debug|Any CPU.Build.0 = Debug|Any CPU
		{62dbc379-3e9d-86d5-b50b-03de781d9049}.Debug|Any CPU.ActiveCfg = Debug|Any CPU
		{62dbc379-3e9d-86d5-b50b-03de781d9049}.Debug|Any CPU.Build.0 = Debug|Any CPU
		{c4eaa2f3-f047-e3fb-9c37-a1135ccf95fa}.Debug|Any CPU.ActiveCfg = Debug|Any CPU
		{c4eaa2f3-f047-e3fb-9c37-a1135ccf95fa}.Debug|Any CPU.Build.0 = Debug|Any CPU
		{6ae95505-f769-635d-3695-67e3671fa7c9}.Debug|Any CPU.ActiveCfg = Debug|Any CPU
		{6ae95505-f769-635d-3695-67e3671fa7c9}.Debug|Any CPU.Build.0 = Debug|Any CPU
		{f8d99da0-67dc-6c6b-7ac1-1cc603700d39}.Debug|Any CPU.ActiveCfg = Debug|Any CPU
		{f8d99da0-67dc-6c6b-7ac1-1cc603700d39}.Debug|Any CPU.Build.0 = Debug|Any CPU
		{a49ff1bf-5e91-49ae-be73-88f096326f03}.Debug|Any CPU.ActiveCfg = Debug|Any CPU
		{a49ff1bf-5e91-49ae-be73-88f096326f03}.Debug|Any CPU.Build.0 = Debug|Any CPU
		{6d606620-9995-3e47-89be-c61791d23626}.Debug|Any CPU.ActiveCfg = Debug|Any CPU
		{6d606620-9995-3e47-89be-c61791d23626}.Debug|Any CPU.Build.0 = Debug|Any CPU
		{e5ebb9ab-c266-4711-905c-cded59298aa4}.Debug|Any CPU.ActiveCfg = Debug|Any CPU
		{e5ebb9ab-c266-4711-905c-cded59298aa4}.Debug|Any CPU.Build.0 = Debug|Any CPU
		{b43716a4-f99f-f8e8-6a48-3a9e1ee2b851}.Debug|Any CPU.ActiveCfg = Debug|Any CPU
		{b43716a4-f99f-f8e8-6a48-3a9e1ee2b851}.Debug|Any CPU.Build.0 = Debug|Any CPU
		{8d671cfa-b229-fd9d-d028-89be19520c95}.Debug|Any CPU.ActiveCfg = Debug|Any CPU
		{8d671cfa-b229-fd9d-d028-89be19520c95}.Debug|Any CPU.Build.0 = Debug|Any CPU
		{4de7e039-2cfa-44f9-4da6-e1aecd7b14dc}.Debug|Any CPU.ActiveCfg = Debug|Any CPU
		{4de7e039-2cfa-44f9-4da6-e1aecd7b14dc}.Debug|Any CPU.Build.0 = Debug|Any CPU
		{1ec360bd-1c95-f31e-c491-1aa1d1432f70}.Debug|Any CPU.ActiveCfg = Debug|Any CPU
		{1ec360bd-1c95-f31e-c491-1aa1d1432f70}.Debug|Any CPU.Build.0 = Debug|Any CPU
		{8985b04a-245c-c59e-59e7-4af9e25aba8f}.Debug|Any CPU.ActiveCfg = Debug|Any CPU
		{8985b04a-245c-c59e-59e7-4af9e25aba8f}.Debug|Any CPU.Build.0 = Debug|Any CPU
		{ebdad661-441b-1f4e-868e-16b50e322d23}.Debug|Any CPU.ActiveCfg = Debug|Any CPU
		{ebdad661-441b-1f4e-868e-16b50e322d23}.Debug|Any CPU.Build.0 = Debug|Any CPU
		{3db89b2b-dfed-2fa9-65fa-e50ecd027c5a}.Debug|Any CPU.ActiveCfg = Debug|Any CPU
		{3db89b2b-dfed-2fa9-65fa-e50ecd027c5a}.Debug|Any CPU.Build.0 = Debug|Any CPU
		{5cdbd158-a7d7-17ba-5d88-11aa89bd4ffd}.Debug|Any CPU.ActiveCfg = Debug|Any CPU
		{5cdbd158-a7d7-17ba-5d88-11aa89bd4ffd}.Debug|Any CPU.Build.0 = Debug|Any CPU
		{c73a0d61-0216-3bb7-3b1b-ad43cc864008}.Debug|Any CPU.ActiveCfg = Debug|Any CPU
		{c73a0d61-0216-3bb7-3b1b-ad43cc864008}.Debug|Any CPU.Build.0 = Debug|Any CPU
		{345c3278-70bf-179c-4c0c-e0a5ed34c56d}.Debug|Any CPU.ActiveCfg = Debug|Any CPU
		{345c3278-70bf-179c-4c0c-e0a5ed34c56d}.Debug|Any CPU.Build.0 = Debug|Any CPU
		{e5498bb1-f096-c209-7375-ca0da2417278}.Debug|Any CPU.ActiveCfg = Debug|Any CPU
		{e5498bb1-f096-c209-7375-ca0da2417278}.Debug|Any CPU.Build.0 = Debug|Any CPU
		{c14d4e13-4211-45a3-eaa1-27558cf6274b}.Debug|Any CPU.ActiveCfg = Debug|Any CPU
		{c14d4e13-4211-45a3-eaa1-27558cf6274b}.Debug|Any CPU.Build.0 = Debug|Any CPU
		{48469132-bf6b-2914-fc32-7bde043d9270}.Debug|Any CPU.ActiveCfg = Debug|Any CPU
		{48469132-bf6b-2914-fc32-7bde043d9270}.Debug|Any CPU.Build.0 = Debug|Any CPU
		{4d666f79-294b-e506-0fc0-912452f38a04}.Debug|Any CPU.ActiveCfg = Debug|Any CPU
		{4d666f79-294b-e506-0fc0-912452f38a04}.Debug|Any CPU.Build.0 = Debug|Any CPU
		{f473bb84-5cab-8776-a1c5-ed50ce8e0421}.Debug|Any CPU.ActiveCfg = Debug|Any CPU
		{f473bb84-5cab-8776-a1c5-ed50ce8e0421}.Debug|Any CPU.Build.0 = Debug|Any CPU
		{4ab6e43f-772c-497e-26e5-b651f9b3d595}.Debug|Any CPU.ActiveCfg = Debug|Any CPU
		{4ab6e43f-772c-497e-26e5-b651f9b3d595}.Debug|Any CPU.Build.0 = Debug|Any CPU
		{5ade14a8-0a76-0f0b-1392-37d050db53ee}.Debug|Any CPU.ActiveCfg = Debug|Any CPU
		{5ade14a8-0a76-0f0b-1392-37d050db53ee}.Debug|Any CPU.Build.0 = Debug|Any CPU
		{373aa069-d10f-df44-ada0-ca50963bb31c}.Debug|Any CPU.ActiveCfg = Debug|Any CPU
		{373aa069-d10f-df44-ada0-ca50963bb31c}.Debug|Any CPU.Build.0 = Debug|Any CPU
		{cfdc26ee-75f2-396a-fc92-61e1ca23a041}.Debug|Any CPU.ActiveCfg = Debug|Any CPU
		{cfdc26ee-75f2-396a-fc92-61e1ca23a041}.Debug|Any CPU.Build.0 = Debug|Any CPU
		{7164f9aa-bb4c-be54-8a92-03e9204f2b0b}.Debug|Any CPU.ActiveCfg = Debug|Any CPU
		{7164f9aa-bb4c-be54-8a92-03e9204f2b0b}.Debug|Any CPU.Build.0 = Debug|Any CPU
		{74535bc2-3454-24ac-454a-8b5305602040}.Debug|Any CPU.ActiveCfg = Debug|Any CPU
		{74535bc2-3454-24ac-454a-8b5305602040}.Debug|Any CPU.Build.0 = Debug|Any CPU
		{73cbe62c-fa74-c84c-4f2c-bbd6722b222e}.Debug|Any CPU.ActiveCfg = Debug|Any CPU
		{73cbe62c-fa74-c84c-4f2c-bbd6722b222e}.Debug|Any CPU.Build.0 = Debug|Any CPU
		{89a72c06-fb14-40c0-07bc-2669091ae772}.Debug|Any CPU.ActiveCfg = Debug|Any CPU
		{89a72c06-fb14-40c0-07bc-2669091ae772}.Debug|Any CPU.Build.0 = Debug|Any CPU
		{f1a0fbee-c10a-903d-1035-1c008000d175}.Debug|Any CPU.ActiveCfg = Debug|Any CPU
		{f1a0fbee-c10a-903d-1035-1c008000d175}.Debug|Any CPU.Build.0 = Debug|Any CPU
		{3a0146d5-923c-184f-83f0-7b5a51a60c98}.Debug|Any CPU.ActiveCfg = Debug|Any CPU
		{3a0146d5-923c-184f-83f0-7b5a51a60c98}.Debug|Any CPU.Build.0 = Debug|Any CPU
		{ad610d4e-5864-baac-c326-ad36746c06a4}.Debug|Any CPU.ActiveCfg = Debug|Any CPU
		{ad610d4e-5864-baac-c326-ad36746c06a4}.Debug|Any CPU.Build.0 = Debug|Any CPU
		{b2282832-e1e7-1ab9-aa20-2f80ab2bc1d6}.Debug|Any CPU.ActiveCfg = Debug|Any CPU
		{b2282832-e1e7-1ab9-aa20-2f80ab2bc1d6}.Debug|Any CPU.Build.0 = Debug|Any CPU
		{7b1ec1d2-ba97-6637-a74d-8355ac656678}.Debug|Any CPU.ActiveCfg = Debug|Any CPU
		{7b1ec1d2-ba97-6637-a74d-8355ac656678}.Debug|Any CPU.Build.0 = Debug|Any CPU
		{0392017e-0385-bce4-19df-bf0329876582}.Debug|Any CPU.ActiveCfg = Debug|Any CPU
		{0392017e-0385-bce4-19df-bf0329876582}.Debug|Any CPU.Build.0 = Debug|Any CPU
		{35599b2f-ad7a-80b1-b246-35f0f4d2a75a}.Debug|Any CPU.ActiveCfg = Debug|Any CPU
		{35599b2f-ad7a-80b1-b246-35f0f4d2a75a}.Debug|Any CPU.Build.0 = Debug|Any CPU
		{17a101be-6d94-5731-0cd8-d8dbd7213cb4}.Debug|Any CPU.ActiveCfg = Debug|Any CPU
		{17a101be-6d94-5731-0cd8-d8dbd7213cb4}.Debug|Any CPU.Build.0 = Debug|Any CPU
		{a29b4d63-18ff-e237-654a-7114df51e7a9}.Debug|Any CPU.ActiveCfg = Debug|Any CPU
		{a29b4d63-18ff-e237-654a-7114df51e7a9}.Debug|Any CPU.Build.0 = Debug|Any CPU
		{044d2d0d-b658-a054-203b-714bf51f111b}.Debug|Any CPU.ActiveCfg = Debug|Any CPU
		{044d2d0d-b658-a054-203b-714bf51f111b}.Debug|Any CPU.Build.0 = Debug|Any CPU
		{f5e6f1ae-cf54-ea59-ffdd-66d960d3e0b8}.Debug|Any CPU.ActiveCfg = Debug|Any CPU
		{f5e6f1ae-cf54-ea59-ffdd-66d960d3e0b8}.Debug|Any CPU.Build.0 = Debug|Any CPU
		{e2a35f64-08cc-a7c5-5e44-88b3cb8bb6f8}.Debug|Any CPU.ActiveCfg = Debug|Any CPU
		{e2a35f64-08cc-a7c5-5e44-88b3cb8bb6f8}.Debug|Any CPU.Build.0 = Debug|Any CPU
		{bf2ad075-fac3-1c88-d9b7-3d2d8dc9a62d}.Debug|Any CPU.ActiveCfg = Debug|Any CPU
		{bf2ad075-fac3-1c88-d9b7-3d2d8dc9a62d}.Debug|Any CPU.Build.0 = Debug|Any CPU
		{1cf766e9-b0a8-bcc9-4e78-a1c4af76a001}.Debug|Any CPU.ActiveCfg = Debug|Any CPU
		{1cf766e9-b0a8-bcc9-4e78-a1c4af76a001}.Debug|Any CPU.Build.0 = Debug|Any CPU
		{08c271b7-f755-cf0e-5142-a202628cc278}.Debug|Any CPU.ActiveCfg = Debug|Any CPU
		{08c271b7-f755-cf0e-5142-a202628cc278}.Debug|Any CPU.Build.0 = Debug|Any CPU
		{5392374a-26cd-2aef-d6bd-5ceebaa23049}.Debug|Any CPU.ActiveCfg = Debug|Any CPU
		{5392374a-26cd-2aef-d6bd-5ceebaa23049}.Debug|Any CPU.Build.0 = Debug|Any CPU
		{45f0dbeb-e713-aef6-5042-963b7730e8e2}.Debug|Any CPU.ActiveCfg = Debug|Any CPU
		{45f0dbeb-e713-aef6-5042-963b7730e8e2}.Debug|Any CPU.Build.0 = Debug|Any CPU
		{09e91907-b795-63f0-9454-1470018e835b}.Debug|Any CPU.ActiveCfg = Debug|Any CPU
		{09e91907-b795-63f0-9454-1470018e835b}.Debug|Any CPU.Build.0 = Debug|Any CPU
		{7b280a01-1bc6-6298-ea22-0e5acb757856}.Debug|Any CPU.ActiveCfg = Debug|Any CPU
		{7b280a01-1bc6-6298-ea22-0e5acb757856}.Debug|Any CPU.Build.0 = Debug|Any CPU
		{0b9a4414-f716-9b4f-d8be-060995e9c1cb}.Debug|Any CPU.ActiveCfg = Debug|Any CPU
		{0b9a4414-f716-9b4f-d8be-060995e9c1cb}.Debug|Any CPU.Build.0 = Debug|Any CPU
		{24525c96-3a71-e34d-cbce-abeac3118e3b}.Debug|Any CPU.ActiveCfg = Debug|Any CPU
		{24525c96-3a71-e34d-cbce-abeac3118e3b}.Debug|Any CPU.Build.0 = Debug|Any CPU
		{20bbe771-faec-6996-677a-618364f5348d}.Debug|Any CPU.ActiveCfg = Debug|Any CPU
		{20bbe771-faec-6996-677a-618364f5348d}.Debug|Any CPU.Build.0 = Debug|Any CPU
		{d660d1a3-cfe1-5931-4f22-b1a8e49a4f87}.Debug|Any CPU.ActiveCfg = Debug|Any CPU
		{d660d1a3-cfe1-5931-4f22-b1a8e49a4f87}.Debug|Any CPU.Build.0 = Debug|Any CPU
		{d9a0c31d-fa9c-d300-145f-5ef5c09f88da}.Debug|Any CPU.ActiveCfg = Debug|Any CPU
		{d9a0c31d-fa9c-d300-145f-5ef5c09f88da}.Debug|Any CPU.Build.0 = Debug|Any CPU
		{5aaa7ba4-d6b1-6e0b-2493-7bb7eb50a888}.Debug|Any CPU.ActiveCfg = Debug|Any CPU
		{5aaa7ba4-d6b1-6e0b-2493-7bb7eb50a888}.Debug|Any CPU.Build.0 = Debug|Any CPU
		{d9d06e0b-5f81-887e-fd00-9a446d8e6fcb}.Debug|Any CPU.ActiveCfg = Debug|Any CPU
		{d9d06e0b-5f81-887e-fd00-9a446d8e6fcb}.Debug|Any CPU.Build.0 = Debug|Any CPU
		{6d448326-9028-2383-820c-7506d9864d9e}.Debug|Any CPU.ActiveCfg = Debug|Any CPU
		{6d448326-9028-2383-820c-7506d9864d9e}.Debug|Any CPU.Build.0 = Debug|Any CPU
		{396dc867-560f-fe2a-bf43-92a04075766b}.Debug|Any CPU.ActiveCfg = Debug|Any CPU
		{396dc867-560f-fe2a-bf43-92a04075766b}.Debug|Any CPU.Build.0 = Debug|Any CPU
		{c73f6bce-5e21-ccea-7d10-7de1ebe5b72d}.Debug|Any CPU.ActiveCfg = Debug|Any CPU
		{c73f6bce-5e21-ccea-7d10-7de1ebe5b72d}.Debug|Any CPU.Build.0 = Debug|Any CPU
		{4ed11727-bbd7-8119-86c7-bc7e31c42eaf}.Debug|Any CPU.ActiveCfg = Debug|Any CPU
		{4ed11727-bbd7-8119-86c7-bc7e31c42eaf}.Debug|Any CPU.Build.0 = Debug|Any CPU
		{40a96636-1cd7-d4e4-a2bf-7de21bda0330}.Debug|Any CPU.ActiveCfg = Debug|Any CPU
		{40a96636-1cd7-d4e4-a2bf-7de21bda0330}.Debug|Any CPU.Build.0 = Debug|Any CPU
		{c4424abb-44a7-afc6-3250-6e9344349d55}.Debug|Any CPU.ActiveCfg = Debug|Any CPU
		{c4424abb-44a7-afc6-3250-6e9344349d55}.Debug|Any CPU.Build.0 = Debug|Any CPU
		{8e3213d2-d032-f9b3-57fe-2ba6ab5ca8f0}.Debug|Any CPU.ActiveCfg = Debug|Any CPU
		{8e3213d2-d032-f9b3-57fe-2ba6ab5ca8f0}.Debug|Any CPU.Build.0 = Debug|Any CPU
		{9552d3ea-3dcd-e174-2a57-1854558eea4a}.Debug|Any CPU.ActiveCfg = Debug|Any CPU
		{9552d3ea-3dcd-e174-2a57-1854558eea4a}.Debug|Any CPU.Build.0 = Debug|Any CPU
		{ef1616c7-7fde-e94d-57ab-6dfef783667c}.Debug|Any CPU.ActiveCfg = Debug|Any CPU
		{ef1616c7-7fde-e94d-57ab-6dfef783667c}.Debug|Any CPU.Build.0 = Debug|Any CPU
		{18313219-b1fa-c50a-d8b4-8d8c98b084c3}.Debug|Any CPU.ActiveCfg = Debug|Any CPU
		{18313219-b1fa-c50a-d8b4-8d8c98b084c3}.Debug|Any CPU.Build.0 = Debug|Any CPU
		{38761f0f-fa36-564b-b155-1de0c448d2a5}.Debug|Any CPU.ActiveCfg = Debug|Any CPU
		{38761f0f-fa36-564b-b155-1de0c448d2a5}.Debug|Any CPU.Build.0 = Debug|Any CPU
		{c642afdc-52b7-fa6d-7661-7403a2abba7c}.Debug|Any CPU.ActiveCfg = Debug|Any CPU
		{c642afdc-52b7-fa6d-7661-7403a2abba7c}.Debug|Any CPU.Build.0 = Debug|Any CPU
		{7bdc636f-052b-7644-6bf0-46eb6bac4d7f}.Debug|Any CPU.ActiveCfg = Debug|Any CPU
		{7bdc636f-052b-7644-6bf0-46eb6bac4d7f}.Debug|Any CPU.Build.0 = Debug|Any CPU
		{778110d7-ed7d-7b9b-6bac-03a30a28e26d}.Debug|Any CPU.ActiveCfg = Debug|Any CPU
		{778110d7-ed7d-7b9b-6bac-03a30a28e26d}.Debug|Any CPU.Build.0 = Debug|Any CPU
		{4672e311-54a1-238a-eed8-8e00c2a37230}.Debug|Any CPU.ActiveCfg = Debug|Any CPU
		{4672e311-54a1-238a-eed8-8e00c2a37230}.Debug|Any CPU.Build.0 = Debug|Any CPU
		{95a79702-7d68-31c3-4ab7-73ef002f07e4}.Debug|Any CPU.ActiveCfg = Debug|Any CPU
		{95a79702-7d68-31c3-4ab7-73ef002f07e4}.Debug|Any CPU.Build.0 = Debug|Any CPU
		{7f9b2ac5-398d-2fad-f906-0c9a555bd7a7}.Debug|Any CPU.ActiveCfg = Debug|Any CPU
		{7f9b2ac5-398d-2fad-f906-0c9a555bd7a7}.Debug|Any CPU.Build.0 = Debug|Any CPU
		{4206b5bb-c8f8-655e-51b7-a75e4425c93d}.Debug|Any CPU.ActiveCfg = Debug|Any CPU
		{4206b5bb-c8f8-655e-51b7-a75e4425c93d}.Debug|Any CPU.Build.0 = Debug|Any CPU
		{f14869c3-6b55-f821-a39d-c18f79159519}.Debug|Any CPU.ActiveCfg = Debug|Any CPU
		{f14869c3-6b55-f821-a39d-c18f79159519}.Debug|Any CPU.Build.0 = Debug|Any CPU
		{b36d7c88-0687-b9a8-0366-29fe8646797c}.Debug|Any CPU.ActiveCfg = Debug|Any CPU
		{b36d7c88-0687-b9a8-0366-29fe8646797c}.Debug|Any CPU.Build.0 = Debug|Any CPU
		{23ad1140-e718-fd8d-a04f-26a65886de72}.Debug|Any CPU.ActiveCfg = Debug|Any CPU
		{23ad1140-e718-fd8d-a04f-26a65886de72}.Debug|Any CPU.Build.0 = Debug|Any CPU
		{305005ce-587c-e9d6-4848-15f0db1b1c16}.Debug|Any CPU.ActiveCfg = Debug|Any CPU
		{305005ce-587c-e9d6-4848-15f0db1b1c16}.Debug|Any CPU.Build.0 = Debug|Any CPU
		{d608de96-9bb6-89d8-a510-ba58bf3c9267}.Debug|Any CPU.ActiveCfg = Debug|Any CPU
		{d608de96-9bb6-89d8-a510-ba58bf3c9267}.Debug|Any CPU.Build.0 = Debug|Any CPU
		{fefc2f11-2a39-6e38-c029-4c6a904bf6bd}.Debug|Any CPU.ActiveCfg = Debug|Any CPU
		{fefc2f11-2a39-6e38-c029-4c6a904bf6bd}.Debug|Any CPU.Build.0 = Debug|Any CPU
		{457beb9d-77b4-1a09-ccd8-07fc758b7ffb}.Debug|Any CPU.ActiveCfg = Debug|Any CPU
		{457beb9d-77b4-1a09-ccd8-07fc758b7ffb}.Debug|Any CPU.Build.0 = Debug|Any CPU
		{c3327443-017f-d570-f6b9-d8fd493f3048}.Debug|Any CPU.ActiveCfg = Debug|Any CPU
		{c3327443-017f-d570-f6b9-d8fd493f3048}.Debug|Any CPU.Build.0 = Debug|Any CPU
		{d7ee7674-436b-ee7c-ec7d-fb6e2b9c2dcc}.Debug|Any CPU.ActiveCfg = Debug|Any CPU
		{d7ee7674-436b-ee7c-ec7d-fb6e2b9c2dcc}.Debug|Any CPU.Build.0 = Debug|Any CPU
		{96961df0-7b1d-e521-062b-3d671729090d}.Debug|Any CPU.ActiveCfg = Debug|Any CPU
		{96961df0-7b1d-e521-062b-3d671729090d}.Debug|Any CPU.Build.0 = Debug|Any CPU
		{7086fd94-756d-0822-5dc2-7370a8bb5207}.Debug|Any CPU.ActiveCfg = Debug|Any CPU
		{7086fd94-756d-0822-5dc2-7370a8bb5207}.Debug|Any CPU.Build.0 = Debug|Any CPU
		{46b9ec7e-f18a-aa25-760d-c7e8af50a14f}.Debug|Any CPU.ActiveCfg = Debug|Any CPU
		{46b9ec7e-f18a-aa25-760d-c7e8af50a14f}.Debug|Any CPU.Build.0 = Debug|Any CPU
		{7d11b227-7a03-add2-a8d6-8ea75d629be4}.Debug|Any CPU.ActiveCfg = Debug|Any CPU
		{7d11b227-7a03-add2-a8d6-8ea75d629be4}.Debug|Any CPU.Build.0 = Debug|Any CPU
		{d017c4f4-128e-6a18-e2c6-310203493627}.Debug|Any CPU.ActiveCfg = Debug|Any CPU
		{d017c4f4-128e-6a18-e2c6-310203493627}.Debug|Any CPU.Build.0 = Debug|Any CPU
	EndGlobalSection
	GlobalSection(SolutionProperties) = preSolution
		HideSolutionNode = FALSE
	EndGlobalSection
EndGlobal
